{
    "_meta": {
        "hash": {
            "sha256": "b7f368c1a725cc777830573bfefd6041c42482c771cdcd28b64222fa8ae7b8ef"
        },
        "pipfile-spec": 6,
        "requires": {
            "python_version": "3.7"
        },
        "sources": [
            {
                "name": "pypi",
                "url": "https://pypi.org/simple",
                "verify_ssl": true
            }
        ]
    },
    "default": {
        "urllib3": {
            "hashes": [
                "sha256:d30dd4d1cbbc36ebab6e4a2076820cfe0c60f10adf087fecbc5a3edae79fdc81",
                "sha256:ed69856d262a6da3f201b1afed6d61b0c5a364fcc1d20d3f9ff461960c6626bf"
            ],
            "index": "pypi",
            "version": "==1.18"
        }
    },
    "develop": {}
}
